
Microsoft Visual Studio Solution File, Format Version 12.00
# Visual Studio 15
VisualStudioVersion = 15.0.26403.3
MinimumVisualStudioVersion = 10.0.40219.1
Project("{FAE04EC0-301F-11D3-BF4B-00C04F79EFBC}") = "DirectDatabaseConnectionApp", "DirectDatabaseConnectionApp\DirectDatabaseConnectionApp.csproj", "{854942E3-373C-4FBF-8C15-F2362C9962CA}"
EndProject
Project("{FAE04EC0-301F-11D3-BF4B-00C04F79EFBC}") = "DirectDatabaseConnectionApp.Tests", "DirectDatabaseConnectionApp.Tests\DirectDatabaseConnectionApp.Tests.csproj", "{9DB1FD98-B944-4B3A-A2DF-97359DDD37C5}"
EndProject
Global
	GlobalSection(SolutionConfigurationPlatforms) = preSolution
		Debug|Any CPU = Debug|Any CPU
		Release|Any CPU = Release|Any CPU
	EndGlobalSection
	GlobalSection(ProjectConfigurationPlatforms) = postSolution
		{854942E3-373C-4FBF-8C15-F2362C9962CA}.Debug|Any CPU.ActiveCfg = Debug|Any CPU
		{854942E3-373C-4FBF-8C15-F2362C9962CA}.Debug|Any CPU.Build.0 = Debug|Any CPU
		{854942E3-373C-4FBF-8C15-F2362C9962CA}.Release|Any CPU.ActiveCfg = Release|Any CPU
		{854942E3-373C-4FBF-8C15-F2362C9962CA}.Release|Any CPU.Build.0 = Release|Any CPU
		{9DB1FD98-B944-4B3A-A2DF-97359DDD37C5}.Debug|Any CPU.ActiveCfg = Debug|Any CPU
		{9DB1FD98-B944-4B3A-A2DF-97359DDD37C5}.Debug|Any CPU.Build.0 = Debug|Any CPU
		{9DB1FD98-B944-4B3A-A2DF-97359DDD37C5}.Release|Any CPU.ActiveCfg = Release|Any CPU
		{9DB1FD98-B944-4B3A-A2DF-97359DDD37C5}.Release|Any CPU.Build.0 = Release|Any CPU
	EndGlobalSection
	GlobalSection(SolutionProperties) = preSolution
		HideSolutionNode = FALSE
	EndGlobalSection
EndGlobal
